
Microsoft Visual Studio Solution File, Format Version 12.00
# Visual Studio Version 16
VisualStudioVersion = 16.0.31424.327
MinimumVisualStudioVersion = 10.0.40219.1
Project("{FAE04EC0-301F-11D3-BF4B-00C04F79EFBC}") = "Day3Ex1", "Day3Ex1\Day3Ex1.csproj", "{A321A596-445E-4D46-B90E-E7EE1638C872}"
EndProject
Global
	GlobalSection(SolutionConfigurationPlatforms) = preSolution
		Debug|Any CPU = Debug|Any CPU
		Release|Any CPU = Release|Any CPU
	EndGlobalSection
	GlobalSection(ProjectConfigurationPlatforms) = postSolution
		{A321A596-445E-4D46-B90E-E7EE1638C872}.Debug|Any CPU.ActiveCfg = Debug|Any CPU
		{A321A596-445E-4D46-B90E-E7EE1638C872}.Debug|Any CPU.Build.0 = Debug|Any CPU
		{A321A596-445E-4D46-B90E-E7EE1638C872}.Release|Any CPU.ActiveCfg = Release|Any CPU
		{A321A596-445E-4D46-B90E-E7EE1638C872}.Release|Any CPU.Build.0 = Release|Any CPU
	EndGlobalSection
	GlobalSection(SolutionProperties) = preSolution
		HideSolutionNode = FALSE
	EndGlobalSection
	GlobalSection(ExtensibilityGlobals) = postSolution
		SolutionGuid = {F90082BE-6B88-4BDF-B17B-572634EF24FA}
	EndGlobalSection
EndGlobal
